
Microsoft Visual Studio Solution File, Format Version 12.00
# Visual Studio Version 17
VisualStudioVersion = 17.5.002.0
MinimumVisualStudioVersion = 10.0.40219.1
Project("{9A19103F-16F7-4668-BE54-9A1E7A4F7556}") = "Backend", "backend\Backend.csproj", "{7D1C5025-5201-4A09-994E-A3571AD35EAF}"
EndProject
Global
	GlobalSection(SolutionConfigurationPlatforms) = preSolution
		Debug|Any CPU = Debug|Any CPU
		Release|Any CPU = Release|Any CPU
	EndGlobalSection
	GlobalSection(ProjectConfigurationPlatforms) = postSolution
		{7D1C5025-5201-4A09-994E-A3571AD35EAF}.Debug|Any CPU.ActiveCfg = Debug|Any CPU
		{7D1C5025-5201-4A09-994E-A3571AD35EAF}.Debug|Any CPU.Build.0 = Debug|Any CPU
		{7D1C5025-5201-4A09-994E-A3571AD35EAF}.Release|Any CPU.ActiveCfg = Release|Any CPU
		{7D1C5025-5201-4A09-994E-A3571AD35EAF}.Release|Any CPU.Build.0 = Release|Any CPU
	EndGlobalSection
	GlobalSection(SolutionProperties) = preSolution
		HideSolutionNode = FALSE
	EndGlobalSection
	GlobalSection(ExtensibilityGlobals) = postSolution
		SolutionGuid = {EA0BDD7F-1EE8-480D-B5A6-E21E98F4CCA2}
	EndGlobalSection
EndGlobal
